
Microsoft Visual Studio Solution File, Format Version 12.00
# Visual Studio Version 17
VisualStudioVersion = 17.0.32014.148
MinimumVisualStudioVersion = 10.0.40219.1
Project("{9A19103F-16F7-4668-BE54-9A1E7A4F7556}") = "LinqQueryProject", "LinqAndEFQueryProject\LinqQueryProject.csproj", "{29AA64B5-50C2-4718-8303-4E59A5E388F0}"
EndProject
Project("{9A19103F-16F7-4668-BE54-9A1E7A4F7556}") = "BusinessLayer", "BusinessLayer\BusinessLayer.csproj", "{AFE5DE27-2BC8-446C-91E4-024BC36381F3}"
EndProject
Project("{9A19103F-16F7-4668-BE54-9A1E7A4F7556}") = "DataLayer", "DataLayer\DataLayer.csproj", "{6CD3A9A0-ABBE-416A-BFAD-977F3837194E}"
EndProject
Global
	GlobalSection(SolutionConfigurationPlatforms) = preSolution
		Debug|Any CPU = Debug|Any CPU
		Release|Any CPU = Release|Any CPU
	EndGlobalSection
	GlobalSection(ProjectConfigurationPlatforms) = postSolution
		{29AA64B5-50C2-4718-8303-4E59A5E388F0}.Debug|Any CPU.ActiveCfg = Debug|Any CPU
		{29AA64B5-50C2-4718-8303-4E59A5E388F0}.Debug|Any CPU.Build.0 = Debug|Any CPU
		{29AA64B5-50C2-4718-8303-4E59A5E388F0}.Release|Any CPU.ActiveCfg = Release|Any CPU
		{29AA64B5-50C2-4718-8303-4E59A5E388F0}.Release|Any CPU.Build.0 = Release|Any CPU
		{AFE5DE27-2BC8-446C-91E4-024BC36381F3}.Debug|Any CPU.ActiveCfg = Debug|Any CPU
		{AFE5DE27-2BC8-446C-91E4-024BC36381F3}.Debug|Any CPU.Build.0 = Debug|Any CPU
		{AFE5DE27-2BC8-446C-91E4-024BC36381F3}.Release|Any CPU.ActiveCfg = Release|Any CPU
		{AFE5DE27-2BC8-446C-91E4-024BC36381F3}.Release|Any CPU.Build.0 = Release|Any CPU
		{6CD3A9A0-ABBE-416A-BFAD-977F3837194E}.Debug|Any CPU.ActiveCfg = Debug|Any CPU
		{6CD3A9A0-ABBE-416A-BFAD-977F3837194E}.Debug|Any CPU.Build.0 = Debug|Any CPU
		{6CD3A9A0-ABBE-416A-BFAD-977F3837194E}.Release|Any CPU.ActiveCfg = Release|Any CPU
		{6CD3A9A0-ABBE-416A-BFAD-977F3837194E}.Release|Any CPU.Build.0 = Release|Any CPU
	EndGlobalSection
	GlobalSection(SolutionProperties) = preSolution
		HideSolutionNode = FALSE
	EndGlobalSection
	GlobalSection(ExtensibilityGlobals) = postSolution
		SolutionGuid = {918B73E4-A99F-42E6-B251-89CB36D2D44A}
	EndGlobalSection
EndGlobal
